# THIS IS AN AUTOGENERATED FILE. DO NOT EDIT THIS FILE DIRECTLY.
# yarn lockfile v1


"@ornikar/prettier-config@^3.3.0":
  version "3.3.0"
  resolved "https://registry.yarnpkg.com/@ornikar/prettier-config/-/prettier-config-3.3.0.tgz#15aaecdb5378d905263032f9bb539cc5739dcfae"
  integrity sha512-R900N5cExXX0d3e2ALHRyq3WmzRo8FktbClRmQb++I4r8u9zgi22B2IDdwKnrfbrHoqq2A2fhzUAw6luKEwhfw==

prettier@^2.2.1:
  version "2.2.1"
  resolved "https://registry.yarnpkg.com/prettier/-/prettier-2.2.1.tgz#795a1a78dd52f073da0cd42b21f9c91381923ff5"
  integrity sha512-PqyhM2yCjg/oKkFPtTGUojv7gnZAoG80ttl45O6x2Ug/rMJw4wcc9k6aaf2hibP7BGVCCM33gZoGjyvt9mm16Q==
